
Microsoft Visual Studio Solution File, Format Version 12.00
Project("{FAE04EC0-301F-11D3-BF4B-00C04F79EFBC}") = "JWTAuth.NET", "JWTAuth.NET\JWTAuth.NET.csproj", "{914A5FE7-F825-43BC-A738-11747F976CDC}"
EndProject
Global
	GlobalSection(SolutionConfigurationPlatforms) = preSolution
		Debug|Any CPU = Debug|Any CPU
		Release|Any CPU = Release|Any CPU
	EndGlobalSection
	GlobalSection(ProjectConfigurationPlatforms) = postSolution
		{914A5FE7-F825-43BC-A738-11747F976CDC}.Debug|Any CPU.ActiveCfg = Debug|Any CPU
		{914A5FE7-F825-43BC-A738-11747F976CDC}.Debug|Any CPU.Build.0 = Debug|Any CPU
		{914A5FE7-F825-43BC-A738-11747F976CDC}.Release|Any CPU.ActiveCfg = Release|Any CPU
		{914A5FE7-F825-43BC-A738-11747F976CDC}.Release|Any CPU.Build.0 = Release|Any CPU
	EndGlobalSection
EndGlobal
